
Microsoft Visual Studio Solution File, Format Version 12.00
# Visual Studio Version 17
VisualStudioVersion = 17.7.34221.43
MinimumVisualStudioVersion = 10.0.40219.1
Project("{FAE04EC0-301F-11D3-BF4B-00C04F79EFBC}") = "ekzamenPM", "ekzamenPM\ekzamenPM.csproj", "{7A462CE4-374A-4980-925C-CB1198083919}"
EndProject
Global
	GlobalSection(SolutionConfigurationPlatforms) = preSolution
		Debug|Any CPU = Debug|Any CPU
		Release|Any CPU = Release|Any CPU
	EndGlobalSection
	GlobalSection(ProjectConfigurationPlatforms) = postSolution
		{7A462CE4-374A-4980-925C-CB1198083919}.Debug|Any CPU.ActiveCfg = Debug|Any CPU
		{7A462CE4-374A-4980-925C-CB1198083919}.Debug|Any CPU.Build.0 = Debug|Any CPU
		{7A462CE4-374A-4980-925C-CB1198083919}.Release|Any CPU.ActiveCfg = Release|Any CPU
		{7A462CE4-374A-4980-925C-CB1198083919}.Release|Any CPU.Build.0 = Release|Any CPU
	EndGlobalSection
	GlobalSection(SolutionProperties) = preSolution
		HideSolutionNode = FALSE
	EndGlobalSection
	GlobalSection(ExtensibilityGlobals) = postSolution
		SolutionGuid = {E844F1F4-4DD0-4A9E-A217-2826D9C65B2D}
	EndGlobalSection
EndGlobal
